// !$*UTF8*$!
{
	archiveVersion = 1;
	classes = {
	};
	objectVersion = 46;
	objects = {

/* Begin PBXBuildFile section */
		02AD23331E7769E400001275 /* AppDelegate.swift in Sources */ = {isa = PBXBuildFile; fileRef = 02AD23321E7769E400001275 /* AppDelegate.swift */; };
		02AD23351E7769E400001275 /* ViewController.swift in Sources */ = {isa = PBXBuildFile; fileRef = 02AD23341E7769E400001275 /* ViewController.swift */; };
		02AD23381E7769E400001275 /* Main.storyboard in Resources */ = {isa = PBXBuildFile; fileRef = 02AD23361E7769E400001275 /* Main.storyboard */; };
		02AD233B1E7769E400001275 /* Assignment1.xcdatamodeld in Sources */ = {isa = PBXBuildFile; fileRef = 02AD23391E7769E400001275 /* Assignment1.xcdatamodeld */; };
		02AD233D1E7769E400001275 /* Assets.xcassets in Resources */ = {isa = PBXBuildFile; fileRef = 02AD233C1E7769E400001275 /* Assets.xcassets */; };
		02AD23401E7769E400001275 /* LaunchScreen.storyboard in Resources */ = {isa = PBXBuildFile; fileRef = 02AD233E1E7769E400001275 /* LaunchScreen.storyboard */; };
		5D12E3811E89AABB00EA9645 /* bluecolor.png in Resources */ = {isa = PBXBuildFile; fileRef = 5D12E3771E89AABB00EA9645 /* bluecolor.png */; };
		5D12E3821E89AABB00EA9645 /* greencolor.png in Resources */ = {isa = PBXBuildFile; fileRef = 5D12E3781E89AABB00EA9645 /* greencolor.png */; };
		5D12E3831E89AABB00EA9645 /* line.png in Resources */ = {isa = PBXBuildFile; fileRef = 5D12E3791E89AABB00EA9645 /* line.png */; };
		5D12E3841E89AABB00EA9645 /* oval.png in Resources */ = {isa = PBXBuildFile; fileRef = 5D12E37A1E89AABB00EA9645 /* oval.png */; };
		5D12E3851E89AABB00EA9645 /* pencil.png in Resources */ = {isa = PBXBuildFile; fileRef = 5D12E37B1E89AABB00EA9645 /* pencil.png */; };
		5D12E3861E89AABB00EA9645 /* purplecolor.png in Resources */ = {isa = PBXBuildFile; fileRef = 5D12E37C1E89AABB00EA9645 /* purplecolor.png */; };
		5D12E3871E89AABB00EA9645 /* rect.png in Resources */ = {isa = PBXBuildFile; fileRef = 5D12E37D1E89AABB00EA9645 /* rect.png */; };
		5D12E3881E89AABB00EA9645 /* redcolor.png in Resources */ = {isa = PBXBuildFile; fileRef = 5D12E37E1E89AABB00EA9645 /* redcolor.png */; };
		5D12E3891E89AABB00EA9645 /* trash.png in Resources */ = {isa = PBXBuildFile; fileRef = 5D12E37F1E89AABB00EA9645 /* trash.png */; };
		5D12E38A1E89AABB00EA9645 /* yellowcolor.png in Resources */ = {isa = PBXBuildFile; fileRef = 5D12E3801E89AABB00EA9645 /* yellowcolor.png */; };
		5D93CF351E8320160069B3A9 /* Models.swift in Sources */ = {isa = PBXBuildFile; fileRef = 5D93CF341E8320160069B3A9 /* Models.swift */; };
		5D93CF391E8321B80069B3A9 /* Tools.swift in Sources */ = {isa = PBXBuildFile; fileRef = 5D93CF381E8321B80069B3A9 /* Tools.swift */; };
		5D93CF3B1E8322580069B3A9 /* Colors.swift in Sources */ = {isa = PBXBuildFile; fileRef = 5D93CF3A1E8322580069B3A9 /* Colors.swift */; };
		5DB99B621E8A34F500730C8D /* ModelsManager.swift in Sources */ = {isa = PBXBuildFile; fileRef = 5DB99B611E8A34F500730C8D /* ModelsManager.swift */; };
		5DB99B641E8A458600730C8D /* Utils.swift in Sources */ = {isa = PBXBuildFile; fileRef = 5DB99B631E8A458600730C8D /* Utils.swift */; };
		5DD6DDA71E8C4A1100422DF4 /* Save.png in Resources */ = {isa = PBXBuildFile; fileRef = 5DD6DDA51E8C4A1100422DF4 /* Save.png */; };
		5DD6DDA81E8C4A1100422DF4 /* Undo.png in Resources */ = {isa = PBXBuildFile; fileRef = 5DD6DDA61E8C4A1100422DF4 /* Undo.png */; };
/* End PBXBuildFile section */

/* Begin PBXContainerItemProxy section */
		5D79B29B1E85D530006B7E48 /* PBXContainerItemProxy */ = {
			isa = PBXContainerItemProxy;
			containerPortal = 02AD23271E7769E400001275 /* Project object */;
			proxyType = 1;
			remoteGlobalIDString = 02AD232E1E7769E400001275;
			remoteInfo = Assignment1;
		};
/* End PBXContainerItemProxy section */

/* Begin PBXFileReference section */
		02AD232F1E7769E400001275 /* Assignment1.app */ = {isa = PBXFileReference; explicitFileType = wrapper.application; includeInIndex = 0; path = Assignment1.app; sourceTree = BUILT_PRODUCTS_DIR; };
		02AD23321E7769E400001275 /* AppDelegate.swift */ = {isa = PBXFileReference; lastKnownFileType = sourcecode.swift; path = AppDelegate.swift; sourceTree = "<group>"; };
		02AD23341E7769E400001275 /* ViewController.swift */ = {isa = PBXFileReference; lastKnownFileType = sourcecode.swift; path = ViewController.swift; sourceTree = "<group>"; };
		02AD23371E7769E400001275 /* Base */ = {isa = PBXFileReference; lastKnownFileType = file.storyboard; name = Base; path = Base.lproj/Main.storyboard; sourceTree = "<group>"; };
		02AD233A1E7769E400001275 /* Assignment1.xcdatamodel */ = {isa = PBXFileReference; lastKnownFileType = wrapper.xcdatamodel; path = Assignment1.xcdatamodel; sourceTree = "<group>"; };
		02AD233C1E7769E400001275 /* Assets.xcassets */ = {isa = PBXFileReference; lastKnownFileType = folder.assetcatalog; path = Assets.xcassets; sourceTree = "<group>"; };
		02AD233F1E7769E400001275 /* Base */ = {isa = PBXFileReference; lastKnownFileType = file.storyboard; name = Base; path = Base.lproj/LaunchScreen.storyboard; sourceTree = "<group>"; };
		02AD23411E7769E400001275 /* Info.plist */ = {isa = PBXFileReference; lastKnownFileType = text.plist.xml; path = Info.plist; sourceTree = "<group>"; };
		5D12E3771E89AABB00EA9645 /* bluecolor.png */ = {isa = PBXFileReference; lastKnownFileType = image.png; name = bluecolor.png; path = images/bluecolor.png; sourceTree = SOURCE_ROOT; };
		5D12E3781E89AABB00EA9645 /* greencolor.png */ = {isa = PBXFileReference; lastKnownFileType = image.png; name = greencolor.png; path = images/greencolor.png; sourceTree = SOURCE_ROOT; };
		5D12E3791E89AABB00EA9645 /* line.png */ = {isa = PBXFileReference; lastKnownFileType = image.png; name = line.png; path = images/line.png; sourceTree = SOURCE_ROOT; };
		5D12E37A1E89AABB00EA9645 /* oval.png */ = {isa = PBXFileReference; lastKnownFileType = image.png; name = oval.png; path = images/oval.png; sourceTree = SOURCE_ROOT; };
		5D12E37B1E89AABB00EA9645 /* pencil.png */ = {isa = PBXFileReference; lastKnownFileType = image.png; name = pencil.png; path = images/pencil.png; sourceTree = SOURCE_ROOT; };
		5D12E37C1E89AABB00EA9645 /* purplecolor.png */ = {isa = PBXFileReference; lastKnownFileType = image.png; name = purplecolor.png; path = images/purplecolor.png; sourceTree = SOURCE_ROOT; };
		5D12E37D1E89AABB00EA9645 /* rect.png */ = {isa = PBXFileReference; lastKnownFileType = image.png; name = rect.png; path = images/rect.png; sourceTree = SOURCE_ROOT; };
		5D12E37E1E89AABB00EA9645 /* redcolor.png */ = {isa = PBXFileReference; lastKnownFileType = image.png; name = redcolor.png; path = images/redcolor.png; sourceTree = SOURCE_ROOT; };
		5D12E37F1E89AABB00EA9645 /* trash.png */ = {isa = PBXFileReference; lastKnownFileType = image.png; name = trash.png; path = images/trash.png; sourceTree = SOURCE_ROOT; };
		5D12E3801E89AABB00EA9645 /* yellowcolor.png */ = {isa = PBXFileReference; lastKnownFileType = image.png; name = yellowcolor.png; path = images/yellowcolor.png; sourceTree = SOURCE_ROOT; };
		5D79B2961E85D530006B7E48 /* ISCG7436_Assignment1_UI_Testing.xctest */ = {isa = PBXFileReference; explicitFileType = wrapper.cfbundle; includeInIndex = 0; path = ISCG7436_Assignment1_UI_Testing.xctest; sourceTree = BUILT_PRODUCTS_DIR; };
		5D93CF341E8320160069B3A9 /* Models.swift */ = {isa = PBXFileReference; fileEncoding = 4; lastKnownFileType = sourcecode.swift; path = Models.swift; sourceTree = "<group>"; };
		5D93CF381E8321B80069B3A9 /* Tools.swift */ = {isa = PBXFileReference; fileEncoding = 4; lastKnownFileType = sourcecode.swift; path = Tools.swift; sourceTree = "<group>"; };
		5D93CF3A1E8322580069B3A9 /* Colors.swift */ = {isa = PBXFileReference; fileEncoding = 4; lastKnownFileType = sourcecode.swift; path = Colors.swift; sourceTree = "<group>"; };
		5DB99B611E8A34F500730C8D /* ModelsManager.swift */ = {isa = PBXFileReference; fileEncoding = 4; lastKnownFileType = sourcecode.swift; path = ModelsManager.swift; sourceTree = "<group>"; };
		5DB99B631E8A458600730C8D /* Utils.swift */ = {isa = PBXFileReference; fileEncoding = 4; lastKnownFileType = sourcecode.swift; path = Utils.swift; sourceTree = "<group>"; };
		5DD6DDA51E8C4A1100422DF4 /* Save.png */ = {isa = PBXFileReference; lastKnownFileType = image.png; name = Save.png; path = images/Save.png; sourceTree = SOURCE_ROOT; };
		5DD6DDA61E8C4A1100422DF4 /* Undo.png */ = {isa = PBXFileReference; lastKnownFileType = image.png; name = Undo.png; path = images/Undo.png; sourceTree = SOURCE_ROOT; };
/* End PBXFileReference section */

/* Begin PBXFrameworksBuildPhase section */
		02AD232C1E7769E400001275 /* Frameworks */ = {
			isa = PBXFrameworksBuildPhase;
			buildActionMask = 2147483647;
			files = (
			);
			runOnlyForDeploymentPostprocessing = 0;
		};
		5D79B2931E85D530006B7E48 /* Frameworks */ = {
			isa = PBXFrameworksBuildPhase;
			buildActionMask = 2147483647;
			files = (
			);
			runOnlyForDeploymentPostprocessing = 0;
		};
/* End PBXFrameworksBuildPhase section */

/* Begin PBXGroup section */
		02AD23261E7769E400001275 = {
			isa = PBXGroup;
			children = (
				02AD23311E7769E400001275 /* Assignment1 */,
				02AD23301E7769E400001275 /* Products */,
			);
			sourceTree = "<group>";
		};
		02AD23301E7769E400001275 /* Products */ = {
			isa = PBXGroup;
			children = (
				02AD232F1E7769E400001275 /* Assignment1.app */,
				5D79B2961E85D530006B7E48 /* ISCG7436_Assignment1_UI_Testing.xctest */,
			);
			name = Products;
			sourceTree = "<group>";
		};
		02AD23311E7769E400001275 /* Assignment1 */ = {
			isa = PBXGroup;
			children = (
				5D12E3761E89AAAC00EA9645 /* Images */,
				5D93CF331E831FFD0069B3A9 /* Backend */,
				02AD23321E7769E400001275 /* AppDelegate.swift */,
				02AD23341E7769E400001275 /* ViewController.swift */,
				02AD23361E7769E400001275 /* Main.storyboard */,
				02AD233C1E7769E400001275 /* Assets.xcassets */,
				02AD233E1E7769E400001275 /* LaunchScreen.storyboard */,
				02AD23411E7769E400001275 /* Info.plist */,
				02AD23391E7769E400001275 /* Assignment1.xcdatamodeld */,
			);
			path = Assignment1;
			sourceTree = "<group>";
		};
		5D12E3761E89AAAC00EA9645 /* Images */ = {
			isa = PBXGroup;
			children = (
				5DD6DDA51E8C4A1100422DF4 /* Save.png */,
				5DD6DDA61E8C4A1100422DF4 /* Undo.png */,
				5D12E3771E89AABB00EA9645 /* bluecolor.png */,
				5D12E3781E89AABB00EA9645 /* greencolor.png */,
				5D12E3791E89AABB00EA9645 /* line.png */,
				5D12E37A1E89AABB00EA9645 /* oval.png */,
				5D12E37B1E89AABB00EA9645 /* pencil.png */,
				5D12E37C1E89AABB00EA9645 /* purplecolor.png */,
				5D12E37D1E89AABB00EA9645 /* rect.png */,
				5D12E37E1E89AABB00EA9645 /* redcolor.png */,
				5D12E37F1E89AABB00EA9645 /* trash.png */,
				5D12E3801E89AABB00EA9645 /* yellowcolor.png */,
			);
			name = Images;
			sourceTree = "<group>";
		};
		5D93CF331E831FFD0069B3A9 /* Backend */ = {
			isa = PBXGroup;
			children = (
				5DB99B611E8A34F500730C8D /* ModelsManager.swift */,
				5D93CF341E8320160069B3A9 /* Models.swift */,
				5D93CF381E8321B80069B3A9 /* Tools.swift */,
				5D93CF3A1E8322580069B3A9 /* Colors.swift */,
				5DB99B631E8A458600730C8D /* Utils.swift */,
			);
			name = Backend;
			sourceTree = "<group>";
		};
/* End PBXGroup section */

/* Begin PBXNativeTarget section */
		02AD232E1E7769E400001275 /* Assignment1 */ = {
			isa = PBXNativeTarget;
			buildConfigurationList = 02AD23441E7769E400001275 /* Build configuration list for PBXNativeTarget "Assignment1" */;
			buildPhases = (
				02AD232B1E7769E400001275 /* Sources */,
				02AD232C1E7769E400001275 /* Frameworks */,
				02AD232D1E7769E400001275 /* Resources */,
			);
			buildRules = (
			);
			dependencies = (
			);
			name = Assignment1;
			productName = Assignment1;
			productReference = 02AD232F1E7769E400001275 /* Assignment1.app */;
			productType = "com.apple.product-type.application";
		};
		5D79B2951E85D530006B7E48 /* ISCG7436_Assignment1_UI_Testing */ = {
			isa = PBXNativeTarget;
			buildConfigurationList = 5D79B29F1E85D530006B7E48 /* Build configuration list for PBXNativeTarget "ISCG7436_Assignment1_UI_Testing" */;
			buildPhases = (
				5D79B2921E85D530006B7E48 /* Sources */,
				5D79B2931E85D530006B7E48 /* Frameworks */,
				5D79B2941E85D530006B7E48 /* Resources */,
			);
			buildRules = (
			);
			dependencies = (
				5D79B29C1E85D530006B7E48 /* PBXTargetDependency */,
			);
			name = ISCG7436_Assignment1_UI_Testing;
			productName = ISCG7436_Assignment1_UI_Testing;
			productReference = 5D79B2961E85D530006B7E48 /* ISCG7436_Assignment1_UI_Testing.xctest */;
			productType = "com.apple.product-type.bundle.ui-testing";
		};
/* End PBXNativeTarget section */

/* Begin PBXProject section */
		02AD23271E7769E400001275 /* Project object */ = {
			isa = PBXProject;
			attributes = {
				LastSwiftUpdateCheck = 0820;
				LastUpgradeCheck = 0820;
				ORGANIZATIONNAME = Unitec;
				TargetAttributes = {
					02AD232E1E7769E400001275 = {
						CreatedOnToolsVersion = 7.2;
						LastSwiftMigration = 0820;
					};
					5D79B2951E85D530006B7E48 = {
						CreatedOnToolsVersion = 8.2.1;
						ProvisioningStyle = Automatic;
						TestTargetID = 02AD232E1E7769E400001275;
					};
				};
			};
			buildConfigurationList = 02AD232A1E7769E400001275 /* Build configuration list for PBXProject "Assignment1" */;
			compatibilityVersion = "Xcode 3.2";
			developmentRegion = English;
			hasScannedForEncodings = 0;
			knownRegions = (
				en,
				Base,
			);
			mainGroup = 02AD23261E7769E400001275;
			productRefGroup = 02AD23301E7769E400001275 /* Products */;
			projectDirPath = "";
			projectRoot = "";
			targets = (
				02AD232E1E7769E400001275 /* Assignment1 */,
				5D79B2951E85D530006B7E48 /* ISCG7436_Assignment1_UI_Testing */,
			);
		};
/* End PBXProject section */

/* Begin PBXResourcesBuildPhase section */
		02AD232D1E7769E400001275 /* Resources */ = {
			isa = PBXResourcesBuildPhase;
			buildActionMask = 2147483647;
			files = (
				5D12E3851E89AABB00EA9645 /* pencil.png in Resources */,
				5D12E3871E89AABB00EA9645 /* rect.png in Resources */,
				5DD6DDA71E8C4A1100422DF4 /* Save.png in Resources */,
				5D12E3891E89AABB00EA9645 /* trash.png in Resources */,
				5D12E3841E89AABB00EA9645 /* oval.png in Resources */,
				02AD23401E7769E400001275 /* LaunchScreen.storyboard in Resources */,
				02AD233D1E7769E400001275 /* Assets.xcassets in Resources */,
				5D12E3821E89AABB00EA9645 /* greencolor.png in Resources */,
				02AD23381E7769E400001275 /* Main.storyboard in Resources */,
				5D12E3811E89AABB00EA9645 /* bluecolor.png in Resources */,
				5D12E3831E89AABB00EA9645 /* line.png in Resources */,
				5D12E3881E89AABB00EA9645 /* redcolor.png in Resources */,
				5DD6DDA81E8C4A1100422DF4 /* Undo.png in Resources */,
				5D12E38A1E89AABB00EA9645 /* yellowcolor.png in Resources */,
				5D12E3861E89AABB00EA9645 /* purplecolor.png in Resources */,
			);
			runOnlyForDeploymentPostprocessing = 0;
		};
		5D79B2941E85D530006B7E48 /* Resources */ = {
			isa = PBXResourcesBuildPhase;
			buildActionMask = 2147483647;
			files = (
			);
			runOnlyForDeploymentPostprocessing = 0;
		};
/* End PBXResourcesBuildPhase section */

/* Begin PBXSourcesBuildPhase section */
		02AD232B1E7769E400001275 /* Sources */ = {
			isa = PBXSourcesBuildPhase;
			buildActionMask = 2147483647;
			files = (
				02AD23351E7769E400001275 /* ViewController.swift in Sources */,
				5D93CF3B1E8322580069B3A9 /* Colors.swift in Sources */,
				02AD233B1E7769E400001275 /* Assignment1.xcdatamodeld in Sources */,
				02AD23331E7769E400001275 /* AppDelegate.swift in Sources */,
				5D93CF351E8320160069B3A9 /* Models.swift in Sources */,
				5DB99B621E8A34F500730C8D /* ModelsManager.swift in Sources */,
				5D93CF391E8321B80069B3A9 /* Tools.swift in Sources */,
				5DB99B641E8A458600730C8D /* Utils.swift in Sources */,
			);
			runOnlyForDeploymentPostprocessing = 0;
		};
		5D79B2921E85D530006B7E48 /* Sources */ = {
			isa = PBXSourcesBuildPhase;
			buildActionMask = 2147483647;
			files = (
			);
			runOnlyForDeploymentPostprocessing = 0;
		};
/* End PBXSourcesBuildPhase section */

/* Begin PBXTargetDependency section */
		5D79B29C1E85D530006B7E48 /* PBXTargetDependency */ = {
			isa = PBXTargetDependency;
			target = 02AD232E1E7769E400001275 /* Assignment1 */;
			targetProxy = 5D79B29B1E85D530006B7E48 /* PBXContainerItemProxy */;
		};
/* End PBXTargetDependency section */

/* Begin PBXVariantGroup section */
		02AD23361E7769E400001275 /* Main.storyboard */ = {
			isa = PBXVariantGroup;
			children = (
				02AD23371E7769E400001275 /* Base */,
			);
			name = Main.storyboard;
			sourceTree = "<group>";
		};
		02AD233E1E7769E400001275 /* LaunchScreen.storyboard */ = {
			isa = PBXVariantGroup;
			children = (
				02AD233F1E7769E400001275 /* Base */,
			);
			name = LaunchScreen.storyboard;
			sourceTree = "<group>";
		};
/* End PBXVariantGroup section */

/* Begin XCBuildConfiguration section */
		02AD23421E7769E400001275 /* Debug */ = {
			isa = XCBuildConfiguration;
			buildSettings = {
				ALWAYS_SEARCH_USER_PATHS = NO;
				CLANG_CXX_LANGUAGE_STANDARD = "gnu++0x";
				CLANG_CXX_LIBRARY = "libc++";
				CLANG_ENABLE_MODULES = YES;
				CLANG_ENABLE_OBJC_ARC = YES;
				CLANG_WARN_BOOL_CONVERSION = YES;
				CLANG_WARN_CONSTANT_CONVERSION = YES;
				CLANG_WARN_DIRECT_OBJC_ISA_USAGE = YES_ERROR;
				CLANG_WARN_EMPTY_BODY = YES;
				CLANG_WARN_ENUM_CONVERSION = YES;
				CLANG_WARN_INFINITE_RECURSION = YES;
				CLANG_WARN_INT_CONVERSION = YES;
				CLANG_WARN_OBJC_ROOT_CLASS = YES_ERROR;
				CLANG_WARN_SUSPICIOUS_MOVE = YES;
				CLANG_WARN_UNREACHABLE_CODE = YES;
				CLANG_WARN__DUPLICATE_METHOD_MATCH = YES;
				"CODE_SIGN_IDENTITY[sdk=iphoneos*]" = "iPhone Developer";
				COPY_PHASE_STRIP = NO;
				DEBUG_INFORMATION_FORMAT = dwarf;
				ENABLE_STRICT_OBJC_MSGSEND = YES;
				ENABLE_TESTABILITY = YES;
				GCC_C_LANGUAGE_STANDARD = gnu99;
				GCC_DYNAMIC_NO_PIC = NO;
				GCC_NO_COMMON_BLOCKS = YES;
				GCC_OPTIMIZATION_LEVEL = 0;
				GCC_PREPROCESSOR_DEFINITIONS = (
					"DEBUG=1",
					"$(inherited)",
				);
				GCC_WARN_64_TO_32_BIT_CONVERSION = YES;
				GCC_WARN_ABOUT_RETURN_TYPE = YES_ERROR;
				GCC_WARN_UNDECLARED_SELECTOR = YES;
				GCC_WARN_UNINITIALIZED_AUTOS = YES_AGGRESSIVE;
				GCC_WARN_UNUSED_FUNCTION = YES;
				GCC_WARN_UNUSED_VARIABLE = YES;
				IPHONEOS_DEPLOYMENT_TARGET = 9.2;
				MTL_ENABLE_DEBUG_INFO = YES;
				ONLY_ACTIVE_ARCH = YES;
				SDKROOT = iphoneos;
				SWIFT_OPTIMIZATION_LEVEL = "-Onone";
				TARGETED_DEVICE_FAMILY = "1,2";
			};
			name = Debug;
		};
		02AD23431E7769E400001275 /* Release */ = {
			isa = XCBuildConfiguration;
			buildSettings = {
				ALWAYS_SEARCH_USER_PATHS = NO;
				CLANG_CXX_LANGUAGE_STANDARD = "gnu++0x";
				CLANG_CXX_LIBRARY = "libc++";
				CLANG_ENABLE_MODULES = YES;
				CLANG_ENABLE_OBJC_ARC = YES;
				CLANG_WARN_BOOL_CONVERSION = YES;
				CLANG_WARN_CONSTANT_CONVERSION = YES;
				CLANG_WARN_DIRECT_OBJC_ISA_USAGE = YES_ERROR;
				CLANG_WARN_EMPTY_BODY = YES;
				CLANG_WARN_ENUM_CONVERSION = YES;
				CLANG_WARN_INFINITE_RECURSION = YES;
				CLANG_WARN_INT_CONVERSION = YES;
				CLANG_WARN_OBJC_ROOT_CLASS = YES_ERROR;
				CLANG_WARN_SUSPICIOUS_MOVE = YES;
				CLANG_WARN_UNREACHABLE_CODE = YES;
				CLANG_WARN__DUPLICATE_METHOD_MATCH = YES;
				"CODE_SIGN_IDENTITY[sdk=iphoneos*]" = "iPhone Developer";
				COPY_PHASE_STRIP = NO;
				DEBUG_INFORMATION_FORMAT = "dwarf-with-dsym";
				ENABLE_NS_ASSERTIONS = NO;
				ENABLE_STRICT_OBJC_MSGSEND = YES;
				GCC_C_LANGUAGE_STANDARD = gnu99;
				GCC_NO_COMMON_BLOCKS = YES;
				GCC_WARN_64_TO_32_BIT_CONVERSION = YES;
				GCC_WARN_ABOUT_RETURN_TYPE = YES_ERROR;
				GCC_WARN_UNDECLARED_SELECTOR = YES;
				GCC_WARN_UNINITIALIZED_AUTOS = YES_AGGRESSIVE;
				GCC_WARN_UNUSED_FUNCTION = YES;
				GCC_WARN_UNUSED_VARIABLE = YES;
				IPHONEOS_DEPLOYMENT_TARGET = 9.2;
				MTL_ENABLE_DEBUG_INFO = NO;
				SDKROOT = iphoneos;
				SWIFT_OPTIMIZATION_LEVEL = "-Owholemodule";
				TARGETED_DEVICE_FAMILY = "1,2";
				VALIDATE_PRODUCT = YES;
			};
			name = Release;
		};
		02AD23451E7769E400001275 /* Debug */ = {
			isa = XCBuildConfiguration;
			buildSettings = {
				ASSETCATALOG_COMPILER_APPICON_NAME = AppIcon;
				INFOPLIST_FILE = Assignment1/Info.plist;
				LD_RUNPATH_SEARCH_PATHS = "$(inherited) @executable_path/Frameworks";
				PRODUCT_BUNDLE_IDENTIFIER = com.unitec.iscg7436.Assignment1;
				PRODUCT_NAME = "$(TARGET_NAME)";
				SWIFT_VERSION = 3.0;
			};
			name = Debug;
		};
		02AD23461E7769E400001275 /* Release */ = {
			isa = XCBuildConfiguration;
			buildSettings = {
				ASSETCATALOG_COMPILER_APPICON_NAME = AppIcon;
				INFOPLIST_FILE = Assignment1/Info.plist;
				LD_RUNPATH_SEARCH_PATHS = "$(inherited) @executable_path/Frameworks";
				PRODUCT_BUNDLE_IDENTIFIER = com.unitec.iscg7436.Assignment1;
				PRODUCT_NAME = "$(TARGET_NAME)";
				SWIFT_VERSION = 3.0;
			};
			name = Release;
		};
		5D79B29D1E85D530006B7E48 /* Debug */ = {
			isa = XCBuildConfiguration;
			buildSettings = {
				CLANG_ANALYZER_NONNULL = YES;
				CLANG_WARN_DOCUMENTATION_COMMENTS = YES;
				CLANG_WARN_INFINITE_RECURSION = YES;
				CLANG_WARN_SUSPICIOUS_MOVE = YES;
				INFOPLIST_FILE = ISCG7436_Assignment1_UI_Testing/Info.plist;
				IPHONEOS_DEPLOYMENT_TARGET = 10.2;
				LD_RUNPATH_SEARCH_PATHS = "$(inherited) @executable_path/Frameworks @loader_path/Frameworks";
				PRODUCT_BUNDLE_IDENTIFIER = "com.unitec.example.ISCG7436-Assignment1-UI-Testing";
				PRODUCT_NAME = "$(TARGET_NAME)";
				SWIFT_ACTIVE_COMPILATION_CONDITIONS = DEBUG;
				SWIFT_VERSION = 3.0;
				TEST_TARGET_NAME = Assignment1;
			};
			name = Debug;
		};
		5D79B29E1E85D530006B7E48 /* Release */ = {
			isa = XCBuildConfiguration;
			buildSettings = {
				CLANG_ANALYZER_NONNULL = YES;
				CLANG_WARN_DOCUMENTATION_COMMENTS = YES;
				CLANG_WARN_INFINITE_RECURSION = YES;
				CLANG_WARN_SUSPICIOUS_MOVE = YES;
				INFOPLIST_FILE = ISCG7436_Assignment1_UI_Testing/Info.plist;
				IPHONEOS_DEPLOYMENT_TARGET = 10.2;
				LD_RUNPATH_SEARCH_PATHS = "$(inherited) @executable_path/Frameworks @loader_path/Frameworks";
				PRODUCT_BUNDLE_IDENTIFIER = "com.unitec.example.ISCG7436-Assignment1-UI-Testing";
				PRODUCT_NAME = "$(TARGET_NAME)";
				SWIFT_OPTIMIZATION_LEVEL = "-Owholemodule";
				SWIFT_VERSION = 3.0;
				TEST_TARGET_NAME = Assignment1;
			};
			name = Release;
		};
/* End XCBuildConfiguration section */

/* Begin XCConfigurationList section */
		02AD232A1E7769E400001275 /* Build configuration list for PBXProject "Assignment1" */ = {
			isa = XCConfigurationList;
			buildConfigurations = (
				02AD23421E7769E400001275 /* Debug */,
				02AD23431E7769E400001275 /* Release */,
			);
			defaultConfigurationIsVisible = 0;
			defaultConfigurationName = Release;
		};
		02AD23441E7769E400001275 /* Build configuration list for PBXNativeTarget "Assignment1" */ = {
			isa = XCConfigurationList;
			buildConfigurations = (
				02AD23451E7769E400001275 /* Debug */,
				02AD23461E7769E400001275 /* Release */,
			);
			defaultConfigurationIsVisible = 0;
			defaultConfigurationName = Release;
		};
		5D79B29F1E85D530006B7E48 /* Build configuration list for PBXNativeTarget "ISCG7436_Assignment1_UI_Testing" */ = {
			isa = XCConfigurationList;
			buildConfigurations = (
				5D79B29D1E85D530006B7E48 /* Debug */,
				5D79B29E1E85D530006B7E48 /* Release */,
			);
			defaultConfigurationIsVisible = 0;
			defaultConfigurationName = Release;
		};
/* End XCConfigurationList section */

/* Begin XCVersionGroup section */
		02AD23391E7769E400001275 /* Assignment1.xcdatamodeld */ = {
			isa = XCVersionGroup;
			children = (
				02AD233A1E7769E400001275 /* Assignment1.xcdatamodel */,
			);
			currentVersion = 02AD233A1E7769E400001275 /* Assignment1.xcdatamodel */;
			path = Assignment1.xcdatamodeld;
			sourceTree = "<group>";
			versionGroupType = wrapper.xcdatamodel;
		};
/* End XCVersionGroup section */
	};
	rootObject = 02AD23271E7769E400001275 /* Project object */;
}
